
Microsoft Visual Studio Solution File, Format Version 12.00
# Visual Studio Version 17
VisualStudioVersion = 17.9.34616.47
MinimumVisualStudioVersion = 10.0.40219.1
Project("{FAE04EC0-301F-11D3-BF4B-00C04F79EFBC}") = "NaNoE.V3", "NaNoE.V3.csproj", "{CCD92F53-0B6D-4422-863E-C5F057C0A470}"
EndProject
Project("{FAE04EC0-301F-11D3-BF4B-00C04F79EFBC}") = "NaNoE.V3.Data", "..\NaNoE.V3.Data\NaNoE.V3.Data.csproj", "{2BD8D525-0F42-4E5F-BC7F-8F5AE2A3858C}"
EndProject
Global
	GlobalSection(SolutionConfigurationPlatforms) = preSolution
		Debug|Any CPU = Debug|Any CPU
		Release|Any CPU = Release|Any CPU
	EndGlobalSection
	GlobalSection(ProjectConfigurationPlatforms) = postSolution
		{CCD92F53-0B6D-4422-863E-C5F057C0A470}.Debug|Any CPU.ActiveCfg = Debug|Any CPU
		{CCD92F53-0B6D-4422-863E-C5F057C0A470}.Debug|Any CPU.Build.0 = Debug|Any CPU
		{CCD92F53-0B6D-4422-863E-C5F057C0A470}.Debug|Any CPU.Deploy.0 = Debug|Any CPU
		{CCD92F53-0B6D-4422-863E-C5F057C0A470}.Release|Any CPU.ActiveCfg = Release|Any CPU
		{CCD92F53-0B6D-4422-863E-C5F057C0A470}.Release|Any CPU.Build.0 = Release|Any CPU
		{CCD92F53-0B6D-4422-863E-C5F057C0A470}.Release|Any CPU.Deploy.0 = Release|Any CPU
		{2BD8D525-0F42-4E5F-BC7F-8F5AE2A3858C}.Debug|Any CPU.ActiveCfg = Debug|Any CPU
		{2BD8D525-0F42-4E5F-BC7F-8F5AE2A3858C}.Debug|Any CPU.Build.0 = Debug|Any CPU
		{2BD8D525-0F42-4E5F-BC7F-8F5AE2A3858C}.Release|Any CPU.ActiveCfg = Release|Any CPU
		{2BD8D525-0F42-4E5F-BC7F-8F5AE2A3858C}.Release|Any CPU.Build.0 = Release|Any CPU
	EndGlobalSection
	GlobalSection(SolutionProperties) = preSolution
		HideSolutionNode = FALSE
	EndGlobalSection
	GlobalSection(ExtensibilityGlobals) = postSolution
		SolutionGuid = {56CD872F-554C-4B04-9898-AE556BC9C07B}
	EndGlobalSection
EndGlobal
